
Microsoft Visual Studio Solution File, Format Version 12.00
# Visual Studio 2015
Project("{FAE04EC0-301F-11D3-BF4B-00C04F79EFBC}") = "VodkaGit", "VodkaGit.csproj", "{D64C173F-0947-792E-B56B-C7A0C1A8FF18}"
EndProject
Project("{FAE04EC0-301F-11D3-BF4B-00C04F79EFBC}") = "VodkaGit.Editor", "VodkaGit.Editor.csproj", "{024BD24A-54C4-0AAB-3BD9-5E529968E208}"
EndProject
Global
	GlobalSection(SolutionConfigurationPlatforms) = preSolution
		Debug|Any CPU = Debug|Any CPU
		Release|Any CPU = Release|Any CPU
	EndGlobalSection
	GlobalSection(ProjectConfigurationPlatforms) = postSolution
		{D64C173F-0947-792E-B56B-C7A0C1A8FF18}.Debug|Any CPU.ActiveCfg = Debug|Any CPU
		{D64C173F-0947-792E-B56B-C7A0C1A8FF18}.Debug|Any CPU.Build.0 = Debug|Any CPU
		{D64C173F-0947-792E-B56B-C7A0C1A8FF18}.Release|Any CPU.ActiveCfg = Release|Any CPU
		{D64C173F-0947-792E-B56B-C7A0C1A8FF18}.Release|Any CPU.Build.0 = Release|Any CPU
		{024BD24A-54C4-0AAB-3BD9-5E529968E208}.Debug|Any CPU.ActiveCfg = Debug|Any CPU
		{024BD24A-54C4-0AAB-3BD9-5E529968E208}.Debug|Any CPU.Build.0 = Debug|Any CPU
		{024BD24A-54C4-0AAB-3BD9-5E529968E208}.Release|Any CPU.ActiveCfg = Release|Any CPU
		{024BD24A-54C4-0AAB-3BD9-5E529968E208}.Release|Any CPU.Build.0 = Release|Any CPU
	EndGlobalSection
	GlobalSection(SolutionProperties) = preSolution
		HideSolutionNode = FALSE
	EndGlobalSection
EndGlobal
